
Microsoft Visual Studio Solution File, Format Version 12.00
# Visual Studio 15
VisualStudioVersion = 15.0.27130.2024
MinimumVisualStudioVersion = 10.0.40219.1
Project("{9A19103F-16F7-4668-BE54-9A1E7A4F7556}") = "Spear.Core", "src\Spear.Core\Spear.Core.csproj", "{49FA78BA-946E-4828-9A81-ECC57298D921}"
EndProject
Project("{FAE04EC0-301F-11D3-BF4B-00C04F79EFBC}") = "Spear.DotNetty", "src\Spear.DotNetty\Spear.DotNetty.csproj", "{6F08C243-6391-40D1-AA8D-C31DEE3B2396}"
EndProject
Project("{2150E333-8FDC-42A3-9474-1A3956D46DE8}") = "99.Tests", "99.Tests", "{3D9793B2-FFDF-466B-8574-A6EC15B07CE2}"
EndProject
Project("{FAE04EC0-301F-11D3-BF4B-00C04F79EFBC}") = "Spear.Tests.Server", "test\Spear.Tests.Server\Spear.Tests.Server.csproj", "{10A887EE-5FFF-405D-BF81-B08D4E67597C}"
EndProject
Global
	GlobalSection(SolutionConfigurationPlatforms) = preSolution
		Debug|Any CPU = Debug|Any CPU
		Release|Any CPU = Release|Any CPU
	EndGlobalSection
	GlobalSection(ProjectConfigurationPlatforms) = postSolution
		{49FA78BA-946E-4828-9A81-ECC57298D921}.Debug|Any CPU.ActiveCfg = Debug|Any CPU
		{49FA78BA-946E-4828-9A81-ECC57298D921}.Debug|Any CPU.Build.0 = Debug|Any CPU
		{49FA78BA-946E-4828-9A81-ECC57298D921}.Release|Any CPU.ActiveCfg = Release|Any CPU
		{49FA78BA-946E-4828-9A81-ECC57298D921}.Release|Any CPU.Build.0 = Release|Any CPU
		{6F08C243-6391-40D1-AA8D-C31DEE3B2396}.Debug|Any CPU.ActiveCfg = Debug|Any CPU
		{6F08C243-6391-40D1-AA8D-C31DEE3B2396}.Debug|Any CPU.Build.0 = Debug|Any CPU
		{6F08C243-6391-40D1-AA8D-C31DEE3B2396}.Release|Any CPU.ActiveCfg = Release|Any CPU
		{6F08C243-6391-40D1-AA8D-C31DEE3B2396}.Release|Any CPU.Build.0 = Release|Any CPU
		{10A887EE-5FFF-405D-BF81-B08D4E67597C}.Debug|Any CPU.ActiveCfg = Debug|Any CPU
		{10A887EE-5FFF-405D-BF81-B08D4E67597C}.Debug|Any CPU.Build.0 = Debug|Any CPU
		{10A887EE-5FFF-405D-BF81-B08D4E67597C}.Release|Any CPU.ActiveCfg = Release|Any CPU
		{10A887EE-5FFF-405D-BF81-B08D4E67597C}.Release|Any CPU.Build.0 = Release|Any CPU
	EndGlobalSection
	GlobalSection(SolutionProperties) = preSolution
		HideSolutionNode = FALSE
	EndGlobalSection
	GlobalSection(NestedProjects) = preSolution
		{10A887EE-5FFF-405D-BF81-B08D4E67597C} = {3D9793B2-FFDF-466B-8574-A6EC15B07CE2}
	EndGlobalSection
	GlobalSection(ExtensibilityGlobals) = postSolution
		SolutionGuid = {80C90B42-B34C-4BE9-8695-96E316D751E9}
	EndGlobalSection
EndGlobal
