
Microsoft Visual Studio Solution File, Format Version 12.00
# Visual Studio Version 16
VisualStudioVersion = 16.0.29102.190
MinimumVisualStudioVersion = 10.0.40219.1
Project("{9A19103F-16F7-4668-BE54-9A1E7A4F7556}") = "Spear.Core", "src\Spear.Core\Spear.Core.csproj", "{49FA78BA-946E-4828-9A81-ECC57298D921}"
EndProject
Project("{2150E333-8FDC-42A3-9474-1A3956D46DE8}") = "99.Tests", "99.Tests", "{3D9793B2-FFDF-466B-8574-A6EC15B07CE2}"
EndProject
Project("{9A19103F-16F7-4668-BE54-9A1E7A4F7556}") = "Spear.Tests.Server", "test\Spear.Tests.Server\Spear.Tests.Server.csproj", "{10A887EE-5FFF-405D-BF81-B08D4E67597C}"
EndProject
Project("{9A19103F-16F7-4668-BE54-9A1E7A4F7556}") = "Spear.Tests.Client", "test\Spear.Tests.Client\Spear.Tests.Client.csproj", "{FA37CD8E-9469-45A0-8E09-3ED52F378D23}"
EndProject
Project("{9A19103F-16F7-4668-BE54-9A1E7A4F7556}") = "Spear.Tests.Contracts", "test\Spear.Tests.Contracts\Spear.Tests.Contracts.csproj", "{717E6011-70ED-4A2D-94FD-912CA46EF038}"
EndProject
Project("{9A19103F-16F7-4668-BE54-9A1E7A4F7556}") = "Spear.Consul", "src\Spear.Consul\Spear.Consul.csproj", "{0734F726-EB5B-4529-A8E2-65BF2BF20A15}"
EndProject
Project("{9A19103F-16F7-4668-BE54-9A1E7A4F7556}") = "Spear.ProxyGenerator", "src\Spear.ProxyGenerator\Spear.ProxyGenerator.csproj", "{92C998CB-BC49-4A3E-A663-0841B8E340CA}"
EndProject
Project("{9A19103F-16F7-4668-BE54-9A1E7A4F7556}") = "Spear.Protocol.Tcp", "src\Spear.Protocol.Tcp\Spear.Protocol.Tcp.csproj", "{FF31F054-0813-4468-AF9B-D6F33F27B2BB}"
EndProject
Project("{2150E333-8FDC-42A3-9474-1A3956D46DE8}") = "03.Protocol", "03.Protocol", "{D7FA77A3-C7C2-4F40-B252-BB9330740DEA}"
EndProject
Project("{2150E333-8FDC-42A3-9474-1A3956D46DE8}") = "01.Core", "01.Core", "{CEA05BAF-D308-4853-AB0A-F0B5C45C3E7B}"
EndProject
Project("{9A19103F-16F7-4668-BE54-9A1E7A4F7556}") = "Spear.Tests", "test\Spear.Tests\Spear.Tests.csproj", "{B94FFC83-A18D-4DC8-90EF-4B7CEE8E5A41}"
EndProject
Project("{9A19103F-16F7-4668-BE54-9A1E7A4F7556}") = "Spear.Protocol.Http", "src\Spear.Protocol.Http\Spear.Protocol.Http.csproj", "{2DBA1858-17B3-4D2D-AD13-93C1D30FA31E}"
EndProject
Project("{2150E333-8FDC-42A3-9474-1A3956D46DE8}") = "00.Solution Items", "00.Solution Items", "{E9EE214B-E10F-47A7-82C8-B0793EADF72E}"
	ProjectSection(SolutionItems) = preProject
		.gitignore = .gitignore
		benchmark.png = benchmark.png
		LICENSE = LICENSE
		README.md = README.md
	EndProjectSection
EndProject
Project("{9A19103F-16F7-4668-BE54-9A1E7A4F7556}") = "Spear.Tests.Netty", "test\Spear.Tests.Netty\Spear.Tests.Netty.csproj", "{7E8EE046-66EA-4E15-B6F1-D46B52EBA551}"
EndProject
Project("{9A19103F-16F7-4668-BE54-9A1E7A4F7556}") = "Spear.Tests.Grpc", "test\Spear.Tests.Grpc\Spear.Tests.Grpc.csproj", "{30285157-9913-4BBC-B385-ED0EAF9ED81C}"
EndProject
Project("{9A19103F-16F7-4668-BE54-9A1E7A4F7556}") = "Spear.Nacos", "src\Spear.Nacos\Spear.Nacos.csproj", "{01F6DA78-E073-4A9F-B15E-D5DE6C964226}"
EndProject
Project("{2150E333-8FDC-42A3-9474-1A3956D46DE8}") = "02.Infrastructure", "02.Infrastructure", "{67C57E6D-E13C-4053-AA48-F72DD00FA398}"
EndProject
Project("{9A19103F-16F7-4668-BE54-9A1E7A4F7556}") = "Spear.Protocol.WebSocket", "src\Spear.Protocol.WebSocket\Spear.Protocol.WebSocket.csproj", "{34E52D05-23A8-4CD5-8094-E98DA12A3D76}"
EndProject
Project("{9A19103F-16F7-4668-BE54-9A1E7A4F7556}") = "Spear.Protocol.Udp", "src\Spear.Protocol.Udp\Spear.Protocol.Udp.csproj", "{39782A47-9D82-4696-8464-48D004C7B2D1}"
EndProject
Project("{9A19103F-16F7-4668-BE54-9A1E7A4F7556}") = "Spear.EventBus.RabbitMq", "src\Spear.EventBus.RabbitMq\Spear.EventBus.RabbitMq.csproj", "{6A0B6138-966B-496A-A839-62B76CC112F9}"
EndProject
Project("{9A19103F-16F7-4668-BE54-9A1E7A4F7556}") = "Spear.EventBus.Kafka", "src\Spear.EventBus.Kafka\Spear.EventBus.Kafka.csproj", "{06828456-8767-4A36-8CCB-7109D7722B32}"
EndProject
Project("{9A19103F-16F7-4668-BE54-9A1E7A4F7556}") = "Spear.Redis", "src\Spear.Redis\Spear.Redis.csproj", "{C726F6F2-2E48-4C88-94B5-4A9107D6582C}"
EndProject
Project("{9A19103F-16F7-4668-BE54-9A1E7A4F7556}") = "Spear.Memcached", "src\Spear.Memcached\Spear.Memcached.csproj", "{FC018635-1F0A-4C26-9AE9-7124BCFB3990}"
EndProject
Project("{9A19103F-16F7-4668-BE54-9A1E7A4F7556}") = "Spear.Protocol.Grpc", "src\Spear.Protocol.Grpc\Spear.Protocol.Grpc.csproj", "{88AEE715-8891-45C2-868C-3D11186F4AA5}"
EndProject
Project("{9A19103F-16F7-4668-BE54-9A1E7A4F7556}") = "Spear.Apollo", "src\Spear.Apollo\Spear.Apollo.csproj", "{937D24BD-381A-4BD5-931C-3B9E85A6235A}"
EndProject
Project("{9A19103F-16F7-4668-BE54-9A1E7A4F7556}") = "Spear.Zookeeper", "src\Spear.Zookeeper\Spear.Zookeeper.csproj", "{B79D6032-BFB1-4160-B6D0-EA3032253CFE}"
EndProject
Project("{9A19103F-16F7-4668-BE54-9A1E7A4F7556}") = "Spear.Codec.MessagePack", "src\Spear.Codec.MessagePack\Spear.Codec.MessagePack.csproj", "{4CE49E02-41CA-4242-99F5-5565AB238D10}"
EndProject
Project("{9A19103F-16F7-4668-BE54-9A1E7A4F7556}") = "Spear.Codec.ProtoBuffer", "src\Spear.Codec.ProtoBuffer\Spear.Codec.ProtoBuffer.csproj", "{6A0676C5-3220-48D3-ABEE-5C96664DE00C}"
EndProject
Project("{2150E333-8FDC-42A3-9474-1A3956D46DE8}") = "04.Persistence", "04.Persistence", "{8E6A9F70-D72E-4986-95B3-4BB1E2DA29EB}"
EndProject
Project("{9A19103F-16F7-4668-BE54-9A1E7A4F7556}") = "Spear.Dapper", "src\Spear.Dapper\Spear.Dapper.csproj", "{D2FD60C1-ED67-47E7-8CB3-2C849FEE2B20}"
EndProject
Project("{9A19103F-16F7-4668-BE54-9A1E7A4F7556}") = "Spear.Dapper.Mysql", "src\Spear.Dapper.Mysql\Spear.Dapper.Mysql.csproj", "{662A05DE-EED9-4BB2-B3AF-1C690DD905D4}"
EndProject
Project("{9A19103F-16F7-4668-BE54-9A1E7A4F7556}") = "Spear.Dapper.PostgreSql", "src\Spear.Dapper.PostgreSql\Spear.Dapper.PostgreSql.csproj", "{35FC785A-40EA-4A7E-B824-3C4F5996559A}"
EndProject
Project("{9A19103F-16F7-4668-BE54-9A1E7A4F7556}") = "Spear.Dapper.SQLite", "src\Spear.Dapper.SQLite\Spear.Dapper.SQLite.csproj", "{124A4AE9-4946-4107-A778-F8B4631B567E}"
EndProject
Project("{2150E333-8FDC-42A3-9474-1A3956D46DE8}") = "05.Framework", "05.Framework", "{AC91C841-DFA8-433E-8A53-FC69D4A934C6}"
EndProject
Project("{9A19103F-16F7-4668-BE54-9A1E7A4F7556}") = "Spear.Framework", "src\Spear.Framework\Spear.Framework.csproj", "{21014255-AC1C-4D77-AAE0-159977572E90}"
EndProject
Project("{9A19103F-16F7-4668-BE54-9A1E7A4F7556}") = "Spear.WebApi", "src\Spear.WebApi\Spear.WebApi.csproj", "{AD1EF734-DFC1-4FDF-8DE5-50EE35B1FC39}"
EndProject
Project("{9A19103F-16F7-4668-BE54-9A1E7A4F7556}") = "Spear.Tests.WebApi", "test\Spear.Tests.WebApi\Spear.Tests.WebApi.csproj", "{F3B6C8FD-6182-4D33-8098-9902C4A412CF}"
EndProject
Project("{9A19103F-16F7-4668-BE54-9A1E7A4F7556}") = "Spear.AutoMapper", "src\Spear.AutoMapper\Spear.AutoMapper.csproj", "{A582113F-AD17-41FF-8A26-E524AD75192A}"
EndProject
Project("{9A19103F-16F7-4668-BE54-9A1E7A4F7556}") = "Spear.Sdk.Core", "src\Spear.Sdk.Core\Spear.Sdk.Core.csproj", "{651334C7-50B6-4DEE-9CA8-FE98532DA832}"
EndProject
Project("{9A19103F-16F7-4668-BE54-9A1E7A4F7556}") = "FileManager", "test\FileManager\FileManager.csproj", "{055652E8-83FF-4EDE-B2DD-C2824FD9B363}"
EndProject
Global
	GlobalSection(SolutionConfigurationPlatforms) = preSolution
		Debug|Any CPU = Debug|Any CPU
		Release|Any CPU = Release|Any CPU
	EndGlobalSection
	GlobalSection(ProjectConfigurationPlatforms) = postSolution
		{49FA78BA-946E-4828-9A81-ECC57298D921}.Debug|Any CPU.ActiveCfg = Debug|Any CPU
		{49FA78BA-946E-4828-9A81-ECC57298D921}.Debug|Any CPU.Build.0 = Debug|Any CPU
		{49FA78BA-946E-4828-9A81-ECC57298D921}.Release|Any CPU.ActiveCfg = Release|Any CPU
		{49FA78BA-946E-4828-9A81-ECC57298D921}.Release|Any CPU.Build.0 = Release|Any CPU
		{10A887EE-5FFF-405D-BF81-B08D4E67597C}.Debug|Any CPU.ActiveCfg = Debug|Any CPU
		{10A887EE-5FFF-405D-BF81-B08D4E67597C}.Debug|Any CPU.Build.0 = Debug|Any CPU
		{10A887EE-5FFF-405D-BF81-B08D4E67597C}.Release|Any CPU.ActiveCfg = Release|Any CPU
		{10A887EE-5FFF-405D-BF81-B08D4E67597C}.Release|Any CPU.Build.0 = Release|Any CPU
		{FA37CD8E-9469-45A0-8E09-3ED52F378D23}.Debug|Any CPU.ActiveCfg = Debug|Any CPU
		{FA37CD8E-9469-45A0-8E09-3ED52F378D23}.Debug|Any CPU.Build.0 = Debug|Any CPU
		{FA37CD8E-9469-45A0-8E09-3ED52F378D23}.Release|Any CPU.ActiveCfg = Release|Any CPU
		{FA37CD8E-9469-45A0-8E09-3ED52F378D23}.Release|Any CPU.Build.0 = Release|Any CPU
		{717E6011-70ED-4A2D-94FD-912CA46EF038}.Debug|Any CPU.ActiveCfg = Debug|Any CPU
		{717E6011-70ED-4A2D-94FD-912CA46EF038}.Debug|Any CPU.Build.0 = Debug|Any CPU
		{717E6011-70ED-4A2D-94FD-912CA46EF038}.Release|Any CPU.ActiveCfg = Release|Any CPU
		{717E6011-70ED-4A2D-94FD-912CA46EF038}.Release|Any CPU.Build.0 = Release|Any CPU
		{0734F726-EB5B-4529-A8E2-65BF2BF20A15}.Debug|Any CPU.ActiveCfg = Debug|Any CPU
		{0734F726-EB5B-4529-A8E2-65BF2BF20A15}.Debug|Any CPU.Build.0 = Debug|Any CPU
		{0734F726-EB5B-4529-A8E2-65BF2BF20A15}.Release|Any CPU.ActiveCfg = Release|Any CPU
		{0734F726-EB5B-4529-A8E2-65BF2BF20A15}.Release|Any CPU.Build.0 = Release|Any CPU
		{92C998CB-BC49-4A3E-A663-0841B8E340CA}.Debug|Any CPU.ActiveCfg = Debug|Any CPU
		{92C998CB-BC49-4A3E-A663-0841B8E340CA}.Debug|Any CPU.Build.0 = Debug|Any CPU
		{92C998CB-BC49-4A3E-A663-0841B8E340CA}.Release|Any CPU.ActiveCfg = Release|Any CPU
		{92C998CB-BC49-4A3E-A663-0841B8E340CA}.Release|Any CPU.Build.0 = Release|Any CPU
		{FF31F054-0813-4468-AF9B-D6F33F27B2BB}.Debug|Any CPU.ActiveCfg = Debug|Any CPU
		{FF31F054-0813-4468-AF9B-D6F33F27B2BB}.Debug|Any CPU.Build.0 = Debug|Any CPU
		{FF31F054-0813-4468-AF9B-D6F33F27B2BB}.Release|Any CPU.ActiveCfg = Release|Any CPU
		{FF31F054-0813-4468-AF9B-D6F33F27B2BB}.Release|Any CPU.Build.0 = Release|Any CPU
		{B94FFC83-A18D-4DC8-90EF-4B7CEE8E5A41}.Debug|Any CPU.ActiveCfg = Debug|Any CPU
		{B94FFC83-A18D-4DC8-90EF-4B7CEE8E5A41}.Debug|Any CPU.Build.0 = Debug|Any CPU
		{B94FFC83-A18D-4DC8-90EF-4B7CEE8E5A41}.Release|Any CPU.ActiveCfg = Release|Any CPU
		{B94FFC83-A18D-4DC8-90EF-4B7CEE8E5A41}.Release|Any CPU.Build.0 = Release|Any CPU
		{2DBA1858-17B3-4D2D-AD13-93C1D30FA31E}.Debug|Any CPU.ActiveCfg = Debug|Any CPU
		{2DBA1858-17B3-4D2D-AD13-93C1D30FA31E}.Debug|Any CPU.Build.0 = Debug|Any CPU
		{2DBA1858-17B3-4D2D-AD13-93C1D30FA31E}.Release|Any CPU.ActiveCfg = Release|Any CPU
		{2DBA1858-17B3-4D2D-AD13-93C1D30FA31E}.Release|Any CPU.Build.0 = Release|Any CPU
		{7E8EE046-66EA-4E15-B6F1-D46B52EBA551}.Debug|Any CPU.ActiveCfg = Debug|Any CPU
		{7E8EE046-66EA-4E15-B6F1-D46B52EBA551}.Debug|Any CPU.Build.0 = Debug|Any CPU
		{7E8EE046-66EA-4E15-B6F1-D46B52EBA551}.Release|Any CPU.ActiveCfg = Release|Any CPU
		{7E8EE046-66EA-4E15-B6F1-D46B52EBA551}.Release|Any CPU.Build.0 = Release|Any CPU
		{30285157-9913-4BBC-B385-ED0EAF9ED81C}.Debug|Any CPU.ActiveCfg = Debug|Any CPU
		{30285157-9913-4BBC-B385-ED0EAF9ED81C}.Debug|Any CPU.Build.0 = Debug|Any CPU
		{30285157-9913-4BBC-B385-ED0EAF9ED81C}.Release|Any CPU.ActiveCfg = Release|Any CPU
		{30285157-9913-4BBC-B385-ED0EAF9ED81C}.Release|Any CPU.Build.0 = Release|Any CPU
		{01F6DA78-E073-4A9F-B15E-D5DE6C964226}.Debug|Any CPU.ActiveCfg = Debug|Any CPU
		{01F6DA78-E073-4A9F-B15E-D5DE6C964226}.Debug|Any CPU.Build.0 = Debug|Any CPU
		{01F6DA78-E073-4A9F-B15E-D5DE6C964226}.Release|Any CPU.ActiveCfg = Release|Any CPU
		{01F6DA78-E073-4A9F-B15E-D5DE6C964226}.Release|Any CPU.Build.0 = Release|Any CPU
		{34E52D05-23A8-4CD5-8094-E98DA12A3D76}.Debug|Any CPU.ActiveCfg = Debug|Any CPU
		{34E52D05-23A8-4CD5-8094-E98DA12A3D76}.Debug|Any CPU.Build.0 = Debug|Any CPU
		{34E52D05-23A8-4CD5-8094-E98DA12A3D76}.Release|Any CPU.ActiveCfg = Release|Any CPU
		{34E52D05-23A8-4CD5-8094-E98DA12A3D76}.Release|Any CPU.Build.0 = Release|Any CPU
		{39782A47-9D82-4696-8464-48D004C7B2D1}.Debug|Any CPU.ActiveCfg = Debug|Any CPU
		{39782A47-9D82-4696-8464-48D004C7B2D1}.Debug|Any CPU.Build.0 = Debug|Any CPU
		{39782A47-9D82-4696-8464-48D004C7B2D1}.Release|Any CPU.ActiveCfg = Release|Any CPU
		{39782A47-9D82-4696-8464-48D004C7B2D1}.Release|Any CPU.Build.0 = Release|Any CPU
		{6A0B6138-966B-496A-A839-62B76CC112F9}.Debug|Any CPU.ActiveCfg = Debug|Any CPU
		{6A0B6138-966B-496A-A839-62B76CC112F9}.Debug|Any CPU.Build.0 = Debug|Any CPU
		{6A0B6138-966B-496A-A839-62B76CC112F9}.Release|Any CPU.ActiveCfg = Release|Any CPU
		{6A0B6138-966B-496A-A839-62B76CC112F9}.Release|Any CPU.Build.0 = Release|Any CPU
		{06828456-8767-4A36-8CCB-7109D7722B32}.Debug|Any CPU.ActiveCfg = Debug|Any CPU
		{06828456-8767-4A36-8CCB-7109D7722B32}.Debug|Any CPU.Build.0 = Debug|Any CPU
		{06828456-8767-4A36-8CCB-7109D7722B32}.Release|Any CPU.ActiveCfg = Release|Any CPU
		{06828456-8767-4A36-8CCB-7109D7722B32}.Release|Any CPU.Build.0 = Release|Any CPU
		{C726F6F2-2E48-4C88-94B5-4A9107D6582C}.Debug|Any CPU.ActiveCfg = Debug|Any CPU
		{C726F6F2-2E48-4C88-94B5-4A9107D6582C}.Debug|Any CPU.Build.0 = Debug|Any CPU
		{C726F6F2-2E48-4C88-94B5-4A9107D6582C}.Release|Any CPU.ActiveCfg = Release|Any CPU
		{C726F6F2-2E48-4C88-94B5-4A9107D6582C}.Release|Any CPU.Build.0 = Release|Any CPU
		{FC018635-1F0A-4C26-9AE9-7124BCFB3990}.Debug|Any CPU.ActiveCfg = Debug|Any CPU
		{FC018635-1F0A-4C26-9AE9-7124BCFB3990}.Debug|Any CPU.Build.0 = Debug|Any CPU
		{FC018635-1F0A-4C26-9AE9-7124BCFB3990}.Release|Any CPU.ActiveCfg = Release|Any CPU
		{FC018635-1F0A-4C26-9AE9-7124BCFB3990}.Release|Any CPU.Build.0 = Release|Any CPU
		{88AEE715-8891-45C2-868C-3D11186F4AA5}.Debug|Any CPU.ActiveCfg = Debug|Any CPU
		{88AEE715-8891-45C2-868C-3D11186F4AA5}.Debug|Any CPU.Build.0 = Debug|Any CPU
		{88AEE715-8891-45C2-868C-3D11186F4AA5}.Release|Any CPU.ActiveCfg = Release|Any CPU
		{88AEE715-8891-45C2-868C-3D11186F4AA5}.Release|Any CPU.Build.0 = Release|Any CPU
		{937D24BD-381A-4BD5-931C-3B9E85A6235A}.Debug|Any CPU.ActiveCfg = Debug|Any CPU
		{937D24BD-381A-4BD5-931C-3B9E85A6235A}.Debug|Any CPU.Build.0 = Debug|Any CPU
		{937D24BD-381A-4BD5-931C-3B9E85A6235A}.Release|Any CPU.ActiveCfg = Release|Any CPU
		{937D24BD-381A-4BD5-931C-3B9E85A6235A}.Release|Any CPU.Build.0 = Release|Any CPU
		{B79D6032-BFB1-4160-B6D0-EA3032253CFE}.Debug|Any CPU.ActiveCfg = Debug|Any CPU
		{B79D6032-BFB1-4160-B6D0-EA3032253CFE}.Debug|Any CPU.Build.0 = Debug|Any CPU
		{B79D6032-BFB1-4160-B6D0-EA3032253CFE}.Release|Any CPU.ActiveCfg = Release|Any CPU
		{B79D6032-BFB1-4160-B6D0-EA3032253CFE}.Release|Any CPU.Build.0 = Release|Any CPU
		{4CE49E02-41CA-4242-99F5-5565AB238D10}.Debug|Any CPU.ActiveCfg = Debug|Any CPU
		{4CE49E02-41CA-4242-99F5-5565AB238D10}.Debug|Any CPU.Build.0 = Debug|Any CPU
		{4CE49E02-41CA-4242-99F5-5565AB238D10}.Release|Any CPU.ActiveCfg = Release|Any CPU
		{4CE49E02-41CA-4242-99F5-5565AB238D10}.Release|Any CPU.Build.0 = Release|Any CPU
		{6A0676C5-3220-48D3-ABEE-5C96664DE00C}.Debug|Any CPU.ActiveCfg = Debug|Any CPU
		{6A0676C5-3220-48D3-ABEE-5C96664DE00C}.Debug|Any CPU.Build.0 = Debug|Any CPU
		{6A0676C5-3220-48D3-ABEE-5C96664DE00C}.Release|Any CPU.ActiveCfg = Release|Any CPU
		{6A0676C5-3220-48D3-ABEE-5C96664DE00C}.Release|Any CPU.Build.0 = Release|Any CPU
		{D2FD60C1-ED67-47E7-8CB3-2C849FEE2B20}.Debug|Any CPU.ActiveCfg = Debug|Any CPU
		{D2FD60C1-ED67-47E7-8CB3-2C849FEE2B20}.Debug|Any CPU.Build.0 = Debug|Any CPU
		{D2FD60C1-ED67-47E7-8CB3-2C849FEE2B20}.Release|Any CPU.ActiveCfg = Release|Any CPU
		{D2FD60C1-ED67-47E7-8CB3-2C849FEE2B20}.Release|Any CPU.Build.0 = Release|Any CPU
		{662A05DE-EED9-4BB2-B3AF-1C690DD905D4}.Debug|Any CPU.ActiveCfg = Debug|Any CPU
		{662A05DE-EED9-4BB2-B3AF-1C690DD905D4}.Debug|Any CPU.Build.0 = Debug|Any CPU
		{662A05DE-EED9-4BB2-B3AF-1C690DD905D4}.Release|Any CPU.ActiveCfg = Release|Any CPU
		{662A05DE-EED9-4BB2-B3AF-1C690DD905D4}.Release|Any CPU.Build.0 = Release|Any CPU
		{35FC785A-40EA-4A7E-B824-3C4F5996559A}.Debug|Any CPU.ActiveCfg = Debug|Any CPU
		{35FC785A-40EA-4A7E-B824-3C4F5996559A}.Debug|Any CPU.Build.0 = Debug|Any CPU
		{35FC785A-40EA-4A7E-B824-3C4F5996559A}.Release|Any CPU.ActiveCfg = Release|Any CPU
		{35FC785A-40EA-4A7E-B824-3C4F5996559A}.Release|Any CPU.Build.0 = Release|Any CPU
		{124A4AE9-4946-4107-A778-F8B4631B567E}.Debug|Any CPU.ActiveCfg = Debug|Any CPU
		{124A4AE9-4946-4107-A778-F8B4631B567E}.Debug|Any CPU.Build.0 = Debug|Any CPU
		{124A4AE9-4946-4107-A778-F8B4631B567E}.Release|Any CPU.ActiveCfg = Release|Any CPU
		{124A4AE9-4946-4107-A778-F8B4631B567E}.Release|Any CPU.Build.0 = Release|Any CPU
		{21014255-AC1C-4D77-AAE0-159977572E90}.Debug|Any CPU.ActiveCfg = Debug|Any CPU
		{21014255-AC1C-4D77-AAE0-159977572E90}.Debug|Any CPU.Build.0 = Debug|Any CPU
		{21014255-AC1C-4D77-AAE0-159977572E90}.Release|Any CPU.ActiveCfg = Release|Any CPU
		{21014255-AC1C-4D77-AAE0-159977572E90}.Release|Any CPU.Build.0 = Release|Any CPU
		{AD1EF734-DFC1-4FDF-8DE5-50EE35B1FC39}.Debug|Any CPU.ActiveCfg = Debug|Any CPU
		{AD1EF734-DFC1-4FDF-8DE5-50EE35B1FC39}.Debug|Any CPU.Build.0 = Debug|Any CPU
		{AD1EF734-DFC1-4FDF-8DE5-50EE35B1FC39}.Release|Any CPU.ActiveCfg = Release|Any CPU
		{AD1EF734-DFC1-4FDF-8DE5-50EE35B1FC39}.Release|Any CPU.Build.0 = Release|Any CPU
		{F3B6C8FD-6182-4D33-8098-9902C4A412CF}.Debug|Any CPU.ActiveCfg = Debug|Any CPU
		{F3B6C8FD-6182-4D33-8098-9902C4A412CF}.Debug|Any CPU.Build.0 = Debug|Any CPU
		{F3B6C8FD-6182-4D33-8098-9902C4A412CF}.Release|Any CPU.ActiveCfg = Release|Any CPU
		{F3B6C8FD-6182-4D33-8098-9902C4A412CF}.Release|Any CPU.Build.0 = Release|Any CPU
		{A582113F-AD17-41FF-8A26-E524AD75192A}.Debug|Any CPU.ActiveCfg = Debug|Any CPU
		{A582113F-AD17-41FF-8A26-E524AD75192A}.Debug|Any CPU.Build.0 = Debug|Any CPU
		{A582113F-AD17-41FF-8A26-E524AD75192A}.Release|Any CPU.ActiveCfg = Release|Any CPU
		{A582113F-AD17-41FF-8A26-E524AD75192A}.Release|Any CPU.Build.0 = Release|Any CPU
		{651334C7-50B6-4DEE-9CA8-FE98532DA832}.Debug|Any CPU.ActiveCfg = Debug|Any CPU
		{651334C7-50B6-4DEE-9CA8-FE98532DA832}.Debug|Any CPU.Build.0 = Debug|Any CPU
		{651334C7-50B6-4DEE-9CA8-FE98532DA832}.Release|Any CPU.ActiveCfg = Release|Any CPU
		{651334C7-50B6-4DEE-9CA8-FE98532DA832}.Release|Any CPU.Build.0 = Release|Any CPU
		{055652E8-83FF-4EDE-B2DD-C2824FD9B363}.Debug|Any CPU.ActiveCfg = Debug|Any CPU
		{055652E8-83FF-4EDE-B2DD-C2824FD9B363}.Debug|Any CPU.Build.0 = Debug|Any CPU
		{055652E8-83FF-4EDE-B2DD-C2824FD9B363}.Release|Any CPU.ActiveCfg = Release|Any CPU
		{055652E8-83FF-4EDE-B2DD-C2824FD9B363}.Release|Any CPU.Build.0 = Release|Any CPU
	EndGlobalSection
	GlobalSection(SolutionProperties) = preSolution
		HideSolutionNode = FALSE
	EndGlobalSection
	GlobalSection(NestedProjects) = preSolution
		{49FA78BA-946E-4828-9A81-ECC57298D921} = {CEA05BAF-D308-4853-AB0A-F0B5C45C3E7B}
		{10A887EE-5FFF-405D-BF81-B08D4E67597C} = {3D9793B2-FFDF-466B-8574-A6EC15B07CE2}
		{FA37CD8E-9469-45A0-8E09-3ED52F378D23} = {3D9793B2-FFDF-466B-8574-A6EC15B07CE2}
		{717E6011-70ED-4A2D-94FD-912CA46EF038} = {3D9793B2-FFDF-466B-8574-A6EC15B07CE2}
		{0734F726-EB5B-4529-A8E2-65BF2BF20A15} = {67C57E6D-E13C-4053-AA48-F72DD00FA398}
		{92C998CB-BC49-4A3E-A663-0841B8E340CA} = {CEA05BAF-D308-4853-AB0A-F0B5C45C3E7B}
		{FF31F054-0813-4468-AF9B-D6F33F27B2BB} = {D7FA77A3-C7C2-4F40-B252-BB9330740DEA}
		{B94FFC83-A18D-4DC8-90EF-4B7CEE8E5A41} = {3D9793B2-FFDF-466B-8574-A6EC15B07CE2}
		{2DBA1858-17B3-4D2D-AD13-93C1D30FA31E} = {D7FA77A3-C7C2-4F40-B252-BB9330740DEA}
		{7E8EE046-66EA-4E15-B6F1-D46B52EBA551} = {3D9793B2-FFDF-466B-8574-A6EC15B07CE2}
		{30285157-9913-4BBC-B385-ED0EAF9ED81C} = {3D9793B2-FFDF-466B-8574-A6EC15B07CE2}
		{01F6DA78-E073-4A9F-B15E-D5DE6C964226} = {67C57E6D-E13C-4053-AA48-F72DD00FA398}
		{34E52D05-23A8-4CD5-8094-E98DA12A3D76} = {D7FA77A3-C7C2-4F40-B252-BB9330740DEA}
		{39782A47-9D82-4696-8464-48D004C7B2D1} = {D7FA77A3-C7C2-4F40-B252-BB9330740DEA}
		{6A0B6138-966B-496A-A839-62B76CC112F9} = {67C57E6D-E13C-4053-AA48-F72DD00FA398}
		{06828456-8767-4A36-8CCB-7109D7722B32} = {67C57E6D-E13C-4053-AA48-F72DD00FA398}
		{C726F6F2-2E48-4C88-94B5-4A9107D6582C} = {67C57E6D-E13C-4053-AA48-F72DD00FA398}
		{FC018635-1F0A-4C26-9AE9-7124BCFB3990} = {67C57E6D-E13C-4053-AA48-F72DD00FA398}
		{88AEE715-8891-45C2-868C-3D11186F4AA5} = {D7FA77A3-C7C2-4F40-B252-BB9330740DEA}
		{937D24BD-381A-4BD5-931C-3B9E85A6235A} = {67C57E6D-E13C-4053-AA48-F72DD00FA398}
		{B79D6032-BFB1-4160-B6D0-EA3032253CFE} = {67C57E6D-E13C-4053-AA48-F72DD00FA398}
		{4CE49E02-41CA-4242-99F5-5565AB238D10} = {CEA05BAF-D308-4853-AB0A-F0B5C45C3E7B}
		{6A0676C5-3220-48D3-ABEE-5C96664DE00C} = {CEA05BAF-D308-4853-AB0A-F0B5C45C3E7B}
		{D2FD60C1-ED67-47E7-8CB3-2C849FEE2B20} = {8E6A9F70-D72E-4986-95B3-4BB1E2DA29EB}
		{662A05DE-EED9-4BB2-B3AF-1C690DD905D4} = {8E6A9F70-D72E-4986-95B3-4BB1E2DA29EB}
		{35FC785A-40EA-4A7E-B824-3C4F5996559A} = {8E6A9F70-D72E-4986-95B3-4BB1E2DA29EB}
		{124A4AE9-4946-4107-A778-F8B4631B567E} = {8E6A9F70-D72E-4986-95B3-4BB1E2DA29EB}
		{21014255-AC1C-4D77-AAE0-159977572E90} = {AC91C841-DFA8-433E-8A53-FC69D4A934C6}
		{AD1EF734-DFC1-4FDF-8DE5-50EE35B1FC39} = {AC91C841-DFA8-433E-8A53-FC69D4A934C6}
		{F3B6C8FD-6182-4D33-8098-9902C4A412CF} = {3D9793B2-FFDF-466B-8574-A6EC15B07CE2}
		{A582113F-AD17-41FF-8A26-E524AD75192A} = {67C57E6D-E13C-4053-AA48-F72DD00FA398}
		{651334C7-50B6-4DEE-9CA8-FE98532DA832} = {CEA05BAF-D308-4853-AB0A-F0B5C45C3E7B}
		{055652E8-83FF-4EDE-B2DD-C2824FD9B363} = {3D9793B2-FFDF-466B-8574-A6EC15B07CE2}
	EndGlobalSection
	GlobalSection(ExtensibilityGlobals) = postSolution
		SolutionGuid = {80C90B42-B34C-4BE9-8695-96E316D751E9}
	EndGlobalSection
EndGlobal
