
Microsoft Visual Studio Solution File, Format Version 12.00
# Visual Studio 15
VisualStudioVersion = 15.0.27130.2024
MinimumVisualStudioVersion = 10.0.40219.1
Project("{9A19103F-16F7-4668-BE54-9A1E7A4F7556}") = "Spear.Core", "src\Spear.Core\Spear.Core.csproj", "{49FA78BA-946E-4828-9A81-ECC57298D921}"
EndProject
Project("{2150E333-8FDC-42A3-9474-1A3956D46DE8}") = "99.Tests", "99.Tests", "{3D9793B2-FFDF-466B-8574-A6EC15B07CE2}"
EndProject
Project("{9A19103F-16F7-4668-BE54-9A1E7A4F7556}") = "Spear.Tests.Server", "test\Spear.Tests.Server\Spear.Tests.Server.csproj", "{10A887EE-5FFF-405D-BF81-B08D4E67597C}"
EndProject
Project("{9A19103F-16F7-4668-BE54-9A1E7A4F7556}") = "Spear.Tests.Client", "test\Spear.Tests.Client\Spear.Tests.Client.csproj", "{FA37CD8E-9469-45A0-8E09-3ED52F378D23}"
EndProject
Project("{9A19103F-16F7-4668-BE54-9A1E7A4F7556}") = "Spear.Tests.Contracts", "test\Spear.Tests.Contracts\Spear.Tests.Contracts.csproj", "{717E6011-70ED-4A2D-94FD-912CA46EF038}"
EndProject
Project("{9A19103F-16F7-4668-BE54-9A1E7A4F7556}") = "Spear.Consul", "src\Spear.Consul\Spear.Consul.csproj", "{0734F726-EB5B-4529-A8E2-65BF2BF20A15}"
EndProject
Project("{9A19103F-16F7-4668-BE54-9A1E7A4F7556}") = "Spear.ProxyGenerator", "src\Spear.ProxyGenerator\Spear.ProxyGenerator.csproj", "{92C998CB-BC49-4A3E-A663-0841B8E340CA}"
EndProject
Project("{9A19103F-16F7-4668-BE54-9A1E7A4F7556}") = "Spear.Protocol.Tcp", "src\Spear.Protocol.Tcp\Spear.Protocol.Tcp.csproj", "{FF31F054-0813-4468-AF9B-D6F33F27B2BB}"
EndProject
Project("{2150E333-8FDC-42A3-9474-1A3956D46DE8}") = "02.Protocol", "02.Protocol", "{D7FA77A3-C7C2-4F40-B252-BB9330740DEA}"
EndProject
Project("{2150E333-8FDC-42A3-9474-1A3956D46DE8}") = "01.Core", "01.Core", "{CEA05BAF-D308-4853-AB0A-F0B5C45C3E7B}"
EndProject
Project("{9A19103F-16F7-4668-BE54-9A1E7A4F7556}") = "Spear.Tests", "test\Spear.Tests\Spear.Tests.csproj", "{B94FFC83-A18D-4DC8-90EF-4B7CEE8E5A41}"
EndProject
Project("{9A19103F-16F7-4668-BE54-9A1E7A4F7556}") = "Spear.Protocol.Http", "src\Spear.Protocol.Http\Spear.Protocol.Http.csproj", "{2DBA1858-17B3-4D2D-AD13-93C1D30FA31E}"
EndProject
Project("{2150E333-8FDC-42A3-9474-1A3956D46DE8}") = "00.Solution Items", "00.Solution Items", "{E9EE214B-E10F-47A7-82C8-B0793EADF72E}"
	ProjectSection(SolutionItems) = preProject
		.gitignore = .gitignore
		benchmark.png = benchmark.png
		LICENSE = LICENSE
		README.md = README.md
	EndProjectSection
EndProject
Global
	GlobalSection(SolutionConfigurationPlatforms) = preSolution
		Debug|Any CPU = Debug|Any CPU
		Release|Any CPU = Release|Any CPU
	EndGlobalSection
	GlobalSection(ProjectConfigurationPlatforms) = postSolution
		{49FA78BA-946E-4828-9A81-ECC57298D921}.Debug|Any CPU.ActiveCfg = Debug|Any CPU
		{49FA78BA-946E-4828-9A81-ECC57298D921}.Debug|Any CPU.Build.0 = Debug|Any CPU
		{49FA78BA-946E-4828-9A81-ECC57298D921}.Release|Any CPU.ActiveCfg = Release|Any CPU
		{49FA78BA-946E-4828-9A81-ECC57298D921}.Release|Any CPU.Build.0 = Release|Any CPU
		{10A887EE-5FFF-405D-BF81-B08D4E67597C}.Debug|Any CPU.ActiveCfg = Debug|Any CPU
		{10A887EE-5FFF-405D-BF81-B08D4E67597C}.Debug|Any CPU.Build.0 = Debug|Any CPU
		{10A887EE-5FFF-405D-BF81-B08D4E67597C}.Release|Any CPU.ActiveCfg = Release|Any CPU
		{10A887EE-5FFF-405D-BF81-B08D4E67597C}.Release|Any CPU.Build.0 = Release|Any CPU
		{FA37CD8E-9469-45A0-8E09-3ED52F378D23}.Debug|Any CPU.ActiveCfg = Debug|Any CPU
		{FA37CD8E-9469-45A0-8E09-3ED52F378D23}.Debug|Any CPU.Build.0 = Debug|Any CPU
		{FA37CD8E-9469-45A0-8E09-3ED52F378D23}.Release|Any CPU.ActiveCfg = Release|Any CPU
		{FA37CD8E-9469-45A0-8E09-3ED52F378D23}.Release|Any CPU.Build.0 = Release|Any CPU
		{717E6011-70ED-4A2D-94FD-912CA46EF038}.Debug|Any CPU.ActiveCfg = Debug|Any CPU
		{717E6011-70ED-4A2D-94FD-912CA46EF038}.Debug|Any CPU.Build.0 = Debug|Any CPU
		{717E6011-70ED-4A2D-94FD-912CA46EF038}.Release|Any CPU.ActiveCfg = Release|Any CPU
		{717E6011-70ED-4A2D-94FD-912CA46EF038}.Release|Any CPU.Build.0 = Release|Any CPU
		{0734F726-EB5B-4529-A8E2-65BF2BF20A15}.Debug|Any CPU.ActiveCfg = Debug|Any CPU
		{0734F726-EB5B-4529-A8E2-65BF2BF20A15}.Debug|Any CPU.Build.0 = Debug|Any CPU
		{0734F726-EB5B-4529-A8E2-65BF2BF20A15}.Release|Any CPU.ActiveCfg = Release|Any CPU
		{0734F726-EB5B-4529-A8E2-65BF2BF20A15}.Release|Any CPU.Build.0 = Release|Any CPU
		{92C998CB-BC49-4A3E-A663-0841B8E340CA}.Debug|Any CPU.ActiveCfg = Debug|Any CPU
		{92C998CB-BC49-4A3E-A663-0841B8E340CA}.Debug|Any CPU.Build.0 = Debug|Any CPU
		{92C998CB-BC49-4A3E-A663-0841B8E340CA}.Release|Any CPU.ActiveCfg = Release|Any CPU
		{92C998CB-BC49-4A3E-A663-0841B8E340CA}.Release|Any CPU.Build.0 = Release|Any CPU
		{FF31F054-0813-4468-AF9B-D6F33F27B2BB}.Debug|Any CPU.ActiveCfg = Debug|Any CPU
		{FF31F054-0813-4468-AF9B-D6F33F27B2BB}.Debug|Any CPU.Build.0 = Debug|Any CPU
		{FF31F054-0813-4468-AF9B-D6F33F27B2BB}.Release|Any CPU.ActiveCfg = Release|Any CPU
		{FF31F054-0813-4468-AF9B-D6F33F27B2BB}.Release|Any CPU.Build.0 = Release|Any CPU
		{B94FFC83-A18D-4DC8-90EF-4B7CEE8E5A41}.Debug|Any CPU.ActiveCfg = Debug|Any CPU
		{B94FFC83-A18D-4DC8-90EF-4B7CEE8E5A41}.Debug|Any CPU.Build.0 = Debug|Any CPU
		{B94FFC83-A18D-4DC8-90EF-4B7CEE8E5A41}.Release|Any CPU.ActiveCfg = Release|Any CPU
		{B94FFC83-A18D-4DC8-90EF-4B7CEE8E5A41}.Release|Any CPU.Build.0 = Release|Any CPU
		{2DBA1858-17B3-4D2D-AD13-93C1D30FA31E}.Debug|Any CPU.ActiveCfg = Debug|Any CPU
		{2DBA1858-17B3-4D2D-AD13-93C1D30FA31E}.Debug|Any CPU.Build.0 = Debug|Any CPU
		{2DBA1858-17B3-4D2D-AD13-93C1D30FA31E}.Release|Any CPU.ActiveCfg = Release|Any CPU
		{2DBA1858-17B3-4D2D-AD13-93C1D30FA31E}.Release|Any CPU.Build.0 = Release|Any CPU
	EndGlobalSection
	GlobalSection(SolutionProperties) = preSolution
		HideSolutionNode = FALSE
	EndGlobalSection
	GlobalSection(NestedProjects) = preSolution
		{49FA78BA-946E-4828-9A81-ECC57298D921} = {CEA05BAF-D308-4853-AB0A-F0B5C45C3E7B}
		{10A887EE-5FFF-405D-BF81-B08D4E67597C} = {3D9793B2-FFDF-466B-8574-A6EC15B07CE2}
		{FA37CD8E-9469-45A0-8E09-3ED52F378D23} = {3D9793B2-FFDF-466B-8574-A6EC15B07CE2}
		{717E6011-70ED-4A2D-94FD-912CA46EF038} = {3D9793B2-FFDF-466B-8574-A6EC15B07CE2}
		{0734F726-EB5B-4529-A8E2-65BF2BF20A15} = {CEA05BAF-D308-4853-AB0A-F0B5C45C3E7B}
		{92C998CB-BC49-4A3E-A663-0841B8E340CA} = {CEA05BAF-D308-4853-AB0A-F0B5C45C3E7B}
		{FF31F054-0813-4468-AF9B-D6F33F27B2BB} = {D7FA77A3-C7C2-4F40-B252-BB9330740DEA}
		{B94FFC83-A18D-4DC8-90EF-4B7CEE8E5A41} = {3D9793B2-FFDF-466B-8574-A6EC15B07CE2}
		{2DBA1858-17B3-4D2D-AD13-93C1D30FA31E} = {D7FA77A3-C7C2-4F40-B252-BB9330740DEA}
	EndGlobalSection
	GlobalSection(ExtensibilityGlobals) = postSolution
		SolutionGuid = {80C90B42-B34C-4BE9-8695-96E316D751E9}
	EndGlobalSection
EndGlobal
